
Microsoft Visual Studio Solution File, Format Version 12.00
Project("{FAE04EC0-301F-11D3-BF4B-00C04F79EFBC}") = "ConsoleApp3", "ConsoleApp3\ConsoleApp3.csproj", "{54D9C331-C5A3-4B10-89BA-5F16685CDC37}"
EndProject
Global
	GlobalSection(SolutionConfigurationPlatforms) = preSolution
		Debug|Any CPU = Debug|Any CPU
		Release|Any CPU = Release|Any CPU
	EndGlobalSection
	GlobalSection(ProjectConfigurationPlatforms) = postSolution
		{54D9C331-C5A3-4B10-89BA-5F16685CDC37}.Debug|Any CPU.ActiveCfg = Debug|Any CPU
		{54D9C331-C5A3-4B10-89BA-5F16685CDC37}.Debug|Any CPU.Build.0 = Debug|Any CPU
		{54D9C331-C5A3-4B10-89BA-5F16685CDC37}.Release|Any CPU.ActiveCfg = Release|Any CPU
		{54D9C331-C5A3-4B10-89BA-5F16685CDC37}.Release|Any CPU.Build.0 = Release|Any CPU
	EndGlobalSection
EndGlobal
